{
  "pins" : [
    {
      "identity" : "localesupport",
      "kind" : "remoteSourceControl",
      "location" : "https://github.com/swift-man/LocaleSupport",
      "state" : {
        "branch" : "main",
        "revision" : "056688637511e2b4584ae39c67cb1fe5faf0ae33"
      }
    }
  ],
  "version" : 2
}
